
Microsoft Visual Studio Solution File, Format Version 12.00
# Visual Studio Version 16
VisualStudioVersion = 16.0.30413.136
MinimumVisualStudioVersion = 10.0.40219.1
Project("{9A19103F-16F7-4668-BE54-9A1E7A4F7556}") = "OdeToFood", "OdeToFood\OdeToFood.csproj", "{3BFB30AD-3727-4B99-895F-63328F5522CB}"
EndProject
Project("{9A19103F-16F7-4668-BE54-9A1E7A4F7556}") = "OdeToFood.Core", "OdeToFood.Core\OdeToFood.Core.csproj", "{62B33DE0-3121-4561-B229-3DDF2712E1D2}"
EndProject
Project("{9A19103F-16F7-4668-BE54-9A1E7A4F7556}") = "OdeToFood.Data", "OdeToFood.Data\OdeToFood.Data.csproj", "{CC6C52F5-D2DF-4388-92D4-327D090A0C06}"
EndProject
Global
	GlobalSection(SolutionConfigurationPlatforms) = preSolution
		Debug|Any CPU = Debug|Any CPU
		Release|Any CPU = Release|Any CPU
	EndGlobalSection
	GlobalSection(ProjectConfigurationPlatforms) = postSolution
		{3BFB30AD-3727-4B99-895F-63328F5522CB}.Debug|Any CPU.ActiveCfg = Debug|Any CPU
		{3BFB30AD-3727-4B99-895F-63328F5522CB}.Debug|Any CPU.Build.0 = Debug|Any CPU
		{3BFB30AD-3727-4B99-895F-63328F5522CB}.Release|Any CPU.ActiveCfg = Release|Any CPU
		{3BFB30AD-3727-4B99-895F-63328F5522CB}.Release|Any CPU.Build.0 = Release|Any CPU
		{62B33DE0-3121-4561-B229-3DDF2712E1D2}.Debug|Any CPU.ActiveCfg = Debug|Any CPU
		{62B33DE0-3121-4561-B229-3DDF2712E1D2}.Debug|Any CPU.Build.0 = Debug|Any CPU
		{62B33DE0-3121-4561-B229-3DDF2712E1D2}.Release|Any CPU.ActiveCfg = Release|Any CPU
		{62B33DE0-3121-4561-B229-3DDF2712E1D2}.Release|Any CPU.Build.0 = Release|Any CPU
		{CC6C52F5-D2DF-4388-92D4-327D090A0C06}.Debug|Any CPU.ActiveCfg = Debug|Any CPU
		{CC6C52F5-D2DF-4388-92D4-327D090A0C06}.Debug|Any CPU.Build.0 = Debug|Any CPU
		{CC6C52F5-D2DF-4388-92D4-327D090A0C06}.Release|Any CPU.ActiveCfg = Release|Any CPU
		{CC6C52F5-D2DF-4388-92D4-327D090A0C06}.Release|Any CPU.Build.0 = Release|Any CPU
	EndGlobalSection
	GlobalSection(SolutionProperties) = preSolution
		HideSolutionNode = FALSE
	EndGlobalSection
	GlobalSection(ExtensibilityGlobals) = postSolution
		SolutionGuid = {72C16165-9C57-4871-AB44-F6CC09096425}
	EndGlobalSection
EndGlobal
